
Microsoft Visual Studio Solution File, Format Version 12.00
# Visual Studio 15
VisualStudioVersion = 15.0.28307.136
MinimumVisualStudioVersion = 10.0.40219.1
Project("{FAE04EC0-301F-11D3-BF4B-00C04F79EFBC}") = "SmartRestaurant.Service", "SmartRestaurant.Service\SmartRestaurant.Service.csproj", "{41218432-A926-4806-A12E-581DAC71845F}"
EndProject
Global
	GlobalSection(SolutionConfigurationPlatforms) = preSolution
		Debug|Any CPU = Debug|Any CPU
		Release|Any CPU = Release|Any CPU
	EndGlobalSection
	GlobalSection(ProjectConfigurationPlatforms) = postSolution
		{41218432-A926-4806-A12E-581DAC71845F}.Debug|Any CPU.ActiveCfg = Debug|Any CPU
		{41218432-A926-4806-A12E-581DAC71845F}.Debug|Any CPU.Build.0 = Debug|Any CPU
		{41218432-A926-4806-A12E-581DAC71845F}.Release|Any CPU.ActiveCfg = Release|Any CPU
		{41218432-A926-4806-A12E-581DAC71845F}.Release|Any CPU.Build.0 = Release|Any CPU
	EndGlobalSection
	GlobalSection(SolutionProperties) = preSolution
		HideSolutionNode = FALSE
	EndGlobalSection
	GlobalSection(ExtensibilityGlobals) = postSolution
		SolutionGuid = {1603DABB-A4DC-4118-A6DB-66A659F24072}
	EndGlobalSection
EndGlobal
